// !$*UTF8*$!
{
	archiveVersion = 1;
	classes = {
	};
	objectVersion = 55;
	objects = {

/* Begin PBXBuildFile section */
		FFC3EC8227BFA998005654B3 /* AppDelegate.swift in Sources */ = {isa = PBXBuildFile; fileRef = FFC3EC8127BFA998005654B3 /* AppDelegate.swift */; };
		FFC3EC8427BFA998005654B3 /* SceneDelegate.swift in Sources */ = {isa = PBXBuildFile; fileRef = FFC3EC8327BFA998005654B3 /* SceneDelegate.swift */; };
		FFC3EC8627BFA998005654B3 /* ViewController.swift in Sources */ = {isa = PBXBuildFile; fileRef = FFC3EC8527BFA998005654B3 /* ViewController.swift */; };
		FFC3EC8927BFA998005654B3 /* Main.storyboard in Resources */ = {isa = PBXBuildFile; fileRef = FFC3EC8727BFA998005654B3 /* Main.storyboard */; };
		FFC3EC8B27BFA9A5005654B3 /* Assets.xcassets in Resources */ = {isa = PBXBuildFile; fileRef = FFC3EC8A27BFA9A5005654B3 /* Assets.xcassets */; };
		FFC3EC8E27BFA9A5005654B3 /* LaunchScreen.storyboard in Resources */ = {isa = PBXBuildFile; fileRef = FFC3EC8C27BFA9A5005654B3 /* LaunchScreen.storyboard */; };
		FFC3EC9927BFA9A7005654B3 /* MovieAppTests.swift in Sources */ = {isa = PBXBuildFile; fileRef = FFC3EC9827BFA9A7005654B3 /* MovieAppTests.swift */; };
		FFC3ECA327BFA9A7005654B3 /* MovieAppUITests.swift in Sources */ = {isa = PBXBuildFile; fileRef = FFC3ECA227BFA9A7005654B3 /* MovieAppUITests.swift */; };
		FFC3ECA527BFA9A7005654B3 /* MovieAppUITestsLaunchTests.swift in Sources */ = {isa = PBXBuildFile; fileRef = FFC3ECA427BFA9A7005654B3 /* MovieAppUITestsLaunchTests.swift */; };
/* End PBXBuildFile section */

/* Begin PBXContainerItemProxy section */
		FFC3EC9527BFA9A7005654B3 /* PBXContainerItemProxy */ = {
			isa = PBXContainerItemProxy;
			containerPortal = FFC3EC7627BFA998005654B3 /* Project object */;
			proxyType = 1;
			remoteGlobalIDString = FFC3EC7D27BFA998005654B3;
			remoteInfo = MovieApp;
		};
		FFC3EC9F27BFA9A7005654B3 /* PBXContainerItemProxy */ = {
			isa = PBXContainerItemProxy;
			containerPortal = FFC3EC7627BFA998005654B3 /* Project object */;
			proxyType = 1;
			remoteGlobalIDString = FFC3EC7D27BFA998005654B3;
			remoteInfo = MovieApp;
		};
/* End PBXContainerItemProxy section */

/* Begin PBXFileReference section */
		FFC3EC7E27BFA998005654B3 /* MovieApp.app */ = {isa = PBXFileReference; explicitFileType = wrapper.application; includeInIndex = 0; path = MovieApp.app; sourceTree = BUILT_PRODUCTS_DIR; };
		FFC3EC8127BFA998005654B3 /* AppDelegate.swift */ = {isa = PBXFileReference; lastKnownFileType = sourcecode.swift; path = AppDelegate.swift; sourceTree = "<group>"; };
		FFC3EC8327BFA998005654B3 /* SceneDelegate.swift */ = {isa = PBXFileReference; lastKnownFileType = sourcecode.swift; path = SceneDelegate.swift; sourceTree = "<group>"; };
		FFC3EC8527BFA998005654B3 /* ViewController.swift */ = {isa = PBXFileReference; lastKnownFileType = sourcecode.swift; path = ViewController.swift; sourceTree = "<group>"; };
		FFC3EC8827BFA998005654B3 /* Base */ = {isa = PBXFileReference; lastKnownFileType = file.storyboard; name = Base; path = Base.lproj/Main.storyboard; sourceTree = "<group>"; };
		FFC3EC8A27BFA9A5005654B3 /* Assets.xcassets */ = {isa = PBXFileReference; lastKnownFileType = folder.assetcatalog; path = Assets.xcassets; sourceTree = "<group>"; };
		FFC3EC8D27BFA9A5005654B3 /* Base */ = {isa = PBXFileReference; lastKnownFileType = file.storyboard; name = Base; path = Base.lproj/LaunchScreen.storyboard; sourceTree = "<group>"; };
		FFC3EC8F27BFA9A5005654B3 /* Info.plist */ = {isa = PBXFileReference; lastKnownFileType = text.plist.xml; path = Info.plist; sourceTree = "<group>"; };
		FFC3EC9427BFA9A7005654B3 /* MovieAppTests.xctest */ = {isa = PBXFileReference; explicitFileType = wrapper.cfbundle; includeInIndex = 0; path = MovieAppTests.xctest; sourceTree = BUILT_PRODUCTS_DIR; };
		FFC3EC9827BFA9A7005654B3 /* MovieAppTests.swift */ = {isa = PBXFileReference; lastKnownFileType = sourcecode.swift; path = MovieAppTests.swift; sourceTree = "<group>"; };
		FFC3EC9E27BFA9A7005654B3 /* MovieAppUITests.xctest */ = {isa = PBXFileReference; explicitFileType = wrapper.cfbundle; includeInIndex = 0; path = MovieAppUITests.xctest; sourceTree = BUILT_PRODUCTS_DIR; };
		FFC3ECA227BFA9A7005654B3 /* MovieAppUITests.swift */ = {isa = PBXFileReference; lastKnownFileType = sourcecode.swift; path = MovieAppUITests.swift; sourceTree = "<group>"; };
		FFC3ECA427BFA9A7005654B3 /* MovieAppUITestsLaunchTests.swift */ = {isa = PBXFileReference; lastKnownFileType = sourcecode.swift; path = MovieAppUITestsLaunchTests.swift; sourceTree = "<group>"; };
/* End PBXFileReference section */

/* Begin PBXFrameworksBuildPhase section */
		FFC3EC7B27BFA998005654B3 /* Frameworks */ = {
			isa = PBXFrameworksBuildPhase;
			buildActionMask = 2147483647;
			files = (
			);
			runOnlyForDeploymentPostprocessing = 0;
		};
		FFC3EC9127BFA9A7005654B3 /* Frameworks */ = {
			isa = PBXFrameworksBuildPhase;
			buildActionMask = 2147483647;
			files = (
			);
			runOnlyForDeploymentPostprocessing = 0;
		};
		FFC3EC9B27BFA9A7005654B3 /* Frameworks */ = {
			isa = PBXFrameworksBuildPhase;
			buildActionMask = 2147483647;
			files = (
			);
			runOnlyForDeploymentPostprocessing = 0;
		};
/* End PBXFrameworksBuildPhase section */

/* Begin PBXGroup section */
		FFC3EC7527BFA998005654B3 = {
			isa = PBXGroup;
			children = (
				FFC3EC8027BFA998005654B3 /* MovieApp */,
				FFC3EC9727BFA9A7005654B3 /* MovieAppTests */,
				FFC3ECA127BFA9A7005654B3 /* MovieAppUITests */,
				FFC3EC7F27BFA998005654B3 /* Products */,
			);
			sourceTree = "<group>";
		};
		FFC3EC7F27BFA998005654B3 /* Products */ = {
			isa = PBXGroup;
			children = (
				FFC3EC7E27BFA998005654B3 /* MovieApp.app */,
				FFC3EC9427BFA9A7005654B3 /* MovieAppTests.xctest */,
				FFC3EC9E27BFA9A7005654B3 /* MovieAppUITests.xctest */,
			);
			name = Products;
			sourceTree = "<group>";
		};
		FFC3EC8027BFA998005654B3 /* MovieApp */ = {
			isa = PBXGroup;
			children = (
				FFC3EC8127BFA998005654B3 /* AppDelegate.swift */,
				FFC3EC8327BFA998005654B3 /* SceneDelegate.swift */,
				FFC3EC8527BFA998005654B3 /* ViewController.swift */,
				FFC3EC8727BFA998005654B3 /* Main.storyboard */,
				FFC3EC8A27BFA9A5005654B3 /* Assets.xcassets */,
				FFC3EC8C27BFA9A5005654B3 /* LaunchScreen.storyboard */,
				FFC3EC8F27BFA9A5005654B3 /* Info.plist */,
			);
			path = MovieApp;
			sourceTree = "<group>";
		};
		FFC3EC9727BFA9A7005654B3 /* MovieAppTests */ = {
			isa = PBXGroup;
			children = (
				FFC3EC9827BFA9A7005654B3 /* MovieAppTests.swift */,
			);
			path = MovieAppTests;
			sourceTree = "<group>";
		};
		FFC3ECA127BFA9A7005654B3 /* MovieAppUITests */ = {
			isa = PBXGroup;
			children = (
				FFC3ECA227BFA9A7005654B3 /* MovieAppUITests.swift */,
				FFC3ECA427BFA9A7005654B3 /* MovieAppUITestsLaunchTests.swift */,
			);
			path = MovieAppUITests;
			sourceTree = "<group>";
		};
/* End PBXGroup section */

/* Begin PBXNativeTarget section */
		FFC3EC7D27BFA998005654B3 /* MovieApp */ = {
			isa = PBXNativeTarget;
			buildConfigurationList = FFC3ECA827BFA9A7005654B3 /* Build configuration list for PBXNativeTarget "MovieApp" */;
			buildPhases = (
				FFC3EC7A27BFA998005654B3 /* Sources */,
				FFC3EC7B27BFA998005654B3 /* Frameworks */,
				FFC3EC7C27BFA998005654B3 /* Resources */,
			);
			buildRules = (
			);
			dependencies = (
			);
			name = MovieApp;
			productName = MovieApp;
			productReference = FFC3EC7E27BFA998005654B3 /* MovieApp.app */;
			productType = "com.apple.product-type.application";
		};
		FFC3EC9327BFA9A7005654B3 /* MovieAppTests */ = {
			isa = PBXNativeTarget;
			buildConfigurationList = FFC3ECAB27BFA9A7005654B3 /* Build configuration list for PBXNativeTarget "MovieAppTests" */;
			buildPhases = (
				FFC3EC9027BFA9A7005654B3 /* Sources */,
				FFC3EC9127BFA9A7005654B3 /* Frameworks */,
				FFC3EC9227BFA9A7005654B3 /* Resources */,
			);
			buildRules = (
			);
			dependencies = (
				FFC3EC9627BFA9A7005654B3 /* PBXTargetDependency */,
			);
			name = MovieAppTests;
			productName = MovieAppTests;
			productReference = FFC3EC9427BFA9A7005654B3 /* MovieAppTests.xctest */;
			productType = "com.apple.product-type.bundle.unit-test";
		};
		FFC3EC9D27BFA9A7005654B3 /* MovieAppUITests */ = {
			isa = PBXNativeTarget;
			buildConfigurationList = FFC3ECAE27BFA9A7005654B3 /* Build configuration list for PBXNativeTarget "MovieAppUITests" */;
			buildPhases = (
				FFC3EC9A27BFA9A7005654B3 /* Sources */,
				FFC3EC9B27BFA9A7005654B3 /* Frameworks */,
				FFC3EC9C27BFA9A7005654B3 /* Resources */,
			);
			buildRules = (
			);
			dependencies = (
				FFC3ECA027BFA9A7005654B3 /* PBXTargetDependency */,
			);
			name = MovieAppUITests;
			productName = MovieAppUITests;
			productReference = FFC3EC9E27BFA9A7005654B3 /* MovieAppUITests.xctest */;
			productType = "com.apple.product-type.bundle.ui-testing";
		};
/* End PBXNativeTarget section */

/* Begin PBXProject section */
		FFC3EC7627BFA998005654B3 /* Project object */ = {
			isa = PBXProject;
			attributes = {
				BuildIndependentTargetsInParallel = 1;
				LastSwiftUpdateCheck = 1320;
				LastUpgradeCheck = 1320;
				TargetAttributes = {
					FFC3EC7D27BFA998005654B3 = {
						CreatedOnToolsVersion = 13.2.1;
					};
					FFC3EC9327BFA9A7005654B3 = {
						CreatedOnToolsVersion = 13.2.1;
						TestTargetID = FFC3EC7D27BFA998005654B3;
					};
					FFC3EC9D27BFA9A7005654B3 = {
						CreatedOnToolsVersion = 13.2.1;
						TestTargetID = FFC3EC7D27BFA998005654B3;
					};
				};
			};
			buildConfigurationList = FFC3EC7927BFA998005654B3 /* Build configuration list for PBXProject "MovieApp" */;
			compatibilityVersion = "Xcode 13.0";
			developmentRegion = en;
			hasScannedForEncodings = 0;
			knownRegions = (
				en,
				Base,
			);
			mainGroup = FFC3EC7527BFA998005654B3;
			productRefGroup = FFC3EC7F27BFA998005654B3 /* Products */;
			projectDirPath = "";
			projectRoot = "";
			targets = (
				FFC3EC7D27BFA998005654B3 /* MovieApp */,
				FFC3EC9327BFA9A7005654B3 /* MovieAppTests */,
				FFC3EC9D27BFA9A7005654B3 /* MovieAppUITests */,
			);
		};
/* End PBXProject section */

/* Begin PBXResourcesBuildPhase section */
		FFC3EC7C27BFA998005654B3 /* Resources */ = {
			isa = PBXResourcesBuildPhase;
			buildActionMask = 2147483647;
			files = (
				FFC3EC8E27BFA9A5005654B3 /* LaunchScreen.storyboard in Resources */,
				FFC3EC8B27BFA9A5005654B3 /* Assets.xcassets in Resources */,
				FFC3EC8927BFA998005654B3 /* Main.storyboard in Resources */,
			);
			runOnlyForDeploymentPostprocessing = 0;
		};
		FFC3EC9227BFA9A7005654B3 /* Resources */ = {
			isa = PBXResourcesBuildPhase;
			buildActionMask = 2147483647;
			files = (
			);
			runOnlyForDeploymentPostprocessing = 0;
		};
		FFC3EC9C27BFA9A7005654B3 /* Resources */ = {
			isa = PBXResourcesBuildPhase;
			buildActionMask = 2147483647;
			files = (
			);
			runOnlyForDeploymentPostprocessing = 0;
		};
/* End PBXResourcesBuildPhase section */

/* Begin PBXSourcesBuildPhase section */
		FFC3EC7A27BFA998005654B3 /* Sources */ = {
			isa = PBXSourcesBuildPhase;
			buildActionMask = 2147483647;
			files = (
				FFC3EC8627BFA998005654B3 /* ViewController.swift in Sources */,
				FFC3EC8227BFA998005654B3 /* AppDelegate.swift in Sources */,
				FFC3EC8427BFA998005654B3 /* SceneDelegate.swift in Sources */,
			);
			runOnlyForDeploymentPostprocessing = 0;
		};
		FFC3EC9027BFA9A7005654B3 /* Sources */ = {
			isa = PBXSourcesBuildPhase;
			buildActionMask = 2147483647;
			files = (
				FFC3EC9927BFA9A7005654B3 /* MovieAppTests.swift in Sources */,
			);
			runOnlyForDeploymentPostprocessing = 0;
		};
		FFC3EC9A27BFA9A7005654B3 /* Sources */ = {
			isa = PBXSourcesBuildPhase;
			buildActionMask = 2147483647;
			files = (
				FFC3ECA527BFA9A7005654B3 /* MovieAppUITestsLaunchTests.swift in Sources */,
				FFC3ECA327BFA9A7005654B3 /* MovieAppUITests.swift in Sources */,
			);
			runOnlyForDeploymentPostprocessing = 0;
		};
/* End PBXSourcesBuildPhase section */

/* Begin PBXTargetDependency section */
		FFC3EC9627BFA9A7005654B3 /* PBXTargetDependency */ = {
			isa = PBXTargetDependency;
			target = FFC3EC7D27BFA998005654B3 /* MovieApp */;
			targetProxy = FFC3EC9527BFA9A7005654B3 /* PBXContainerItemProxy */;
		};
		FFC3ECA027BFA9A7005654B3 /* PBXTargetDependency */ = {
			isa = PBXTargetDependency;
			target = FFC3EC7D27BFA998005654B3 /* MovieApp */;
			targetProxy = FFC3EC9F27BFA9A7005654B3 /* PBXContainerItemProxy */;
		};
/* End PBXTargetDependency section */

/* Begin PBXVariantGroup section */
		FFC3EC8727BFA998005654B3 /* Main.storyboard */ = {
			isa = PBXVariantGroup;
			children = (
				FFC3EC8827BFA998005654B3 /* Base */,
			);
			name = Main.storyboard;
			sourceTree = "<group>";
		};
		FFC3EC8C27BFA9A5005654B3 /* LaunchScreen.storyboard */ = {
			isa = PBXVariantGroup;
			children = (
				FFC3EC8D27BFA9A5005654B3 /* Base */,
			);
			name = LaunchScreen.storyboard;
			sourceTree = "<group>";
		};
/* End PBXVariantGroup section */

/* Begin XCBuildConfiguration section */
		FFC3ECA627BFA9A7005654B3 /* Debug */ = {
			isa = XCBuildConfiguration;
			buildSettings = {
				ALWAYS_SEARCH_USER_PATHS = NO;
				CLANG_ANALYZER_NONNULL = YES;
				CLANG_ANALYZER_NUMBER_OBJECT_CONVERSION = YES_AGGRESSIVE;
				CLANG_CXX_LANGUAGE_STANDARD = "gnu++17";
				CLANG_CXX_LIBRARY = "libc++";
				CLANG_ENABLE_MODULES = YES;
				CLANG_ENABLE_OBJC_ARC = YES;
				CLANG_ENABLE_OBJC_WEAK = YES;
				CLANG_WARN_BLOCK_CAPTURE_AUTORELEASING = YES;
				CLANG_WARN_BOOL_CONVERSION = YES;
				CLANG_WARN_COMMA = YES;
				CLANG_WARN_CONSTANT_CONVERSION = YES;
				CLANG_WARN_DEPRECATED_OBJC_IMPLEMENTATIONS = YES;
				CLANG_WARN_DIRECT_OBJC_ISA_USAGE = YES_ERROR;
				CLANG_WARN_DOCUMENTATION_COMMENTS = YES;
				CLANG_WARN_EMPTY_BODY = YES;
				CLANG_WARN_ENUM_CONVERSION = YES;
				CLANG_WARN_INFINITE_RECURSION = YES;
				CLANG_WARN_INT_CONVERSION = YES;
				CLANG_WARN_NON_LITERAL_NULL_CONVERSION = YES;
				CLANG_WARN_OBJC_IMPLICIT_RETAIN_SELF = YES;
				CLANG_WARN_OBJC_LITERAL_CONVERSION = YES;
				CLANG_WARN_OBJC_ROOT_CLASS = YES_ERROR;
				CLANG_WARN_QUOTED_INCLUDE_IN_FRAMEWORK_HEADER = YES;
				CLANG_WARN_RANGE_LOOP_ANALYSIS = YES;
				CLANG_WARN_STRICT_PROTOTYPES = YES;
				CLANG_WARN_SUSPICIOUS_MOVE = YES;
				CLANG_WARN_UNGUARDED_AVAILABILITY = YES_AGGRESSIVE;
				CLANG_WARN_UNREACHABLE_CODE = YES;
				CLANG_WARN__DUPLICATE_METHOD_MATCH = YES;
				COPY_PHASE_STRIP = NO;
				DEBUG_INFORMATION_FORMAT = dwarf;
				ENABLE_STRICT_OBJC_MSGSEND = YES;
				ENABLE_TESTABILITY = YES;
				GCC_C_LANGUAGE_STANDARD = gnu11;
				GCC_DYNAMIC_NO_PIC = NO;
				GCC_NO_COMMON_BLOCKS = YES;
				GCC_OPTIMIZATION_LEVEL = 0;
				GCC_PREPROCESSOR_DEFINITIONS = (
					"DEBUG=1",
					"$(inherited)",
				);
				GCC_WARN_64_TO_32_BIT_CONVERSION = YES;
				GCC_WARN_ABOUT_RETURN_TYPE = YES_ERROR;
				GCC_WARN_UNDECLARED_SELECTOR = YES;
				GCC_WARN_UNINITIALIZED_AUTOS = YES_AGGRESSIVE;
				GCC_WARN_UNUSED_FUNCTION = YES;
				GCC_WARN_UNUSED_VARIABLE = YES;
				IPHONEOS_DEPLOYMENT_TARGET = 15.2;
				MTL_ENABLE_DEBUG_INFO = INCLUDE_SOURCE;
				MTL_FAST_MATH = YES;
				ONLY_ACTIVE_ARCH = YES;
				SDKROOT = iphoneos;
				SWIFT_ACTIVE_COMPILATION_CONDITIONS = DEBUG;
				SWIFT_OPTIMIZATION_LEVEL = "-Onone";
			};
			name = Debug;
		};
		FFC3ECA727BFA9A7005654B3 /* Release */ = {
			isa = XCBuildConfiguration;
			buildSettings = {
				ALWAYS_SEARCH_USER_PATHS = NO;
				CLANG_ANALYZER_NONNULL = YES;
				CLANG_ANALYZER_NUMBER_OBJECT_CONVERSION = YES_AGGRESSIVE;
				CLANG_CXX_LANGUAGE_STANDARD = "gnu++17";
				CLANG_CXX_LIBRARY = "libc++";
				CLANG_ENABLE_MODULES = YES;
				CLANG_ENABLE_OBJC_ARC = YES;
				CLANG_ENABLE_OBJC_WEAK = YES;
				CLANG_WARN_BLOCK_CAPTURE_AUTORELEASING = YES;
				CLANG_WARN_BOOL_CONVERSION = YES;
				CLANG_WARN_COMMA = YES;
				CLANG_WARN_CONSTANT_CONVERSION = YES;
				CLANG_WARN_DEPRECATED_OBJC_IMPLEMENTATIONS = YES;
				CLANG_WARN_DIRECT_OBJC_ISA_USAGE = YES_ERROR;
				CLANG_WARN_DOCUMENTATION_COMMENTS = YES;
				CLANG_WARN_EMPTY_BODY = YES;
				CLANG_WARN_ENUM_CONVERSION = YES;
				CLANG_WARN_INFINITE_RECURSION = YES;
				CLANG_WARN_INT_CONVERSION = YES;
				CLANG_WARN_NON_LITERAL_NULL_CONVERSION = YES;
				CLANG_WARN_OBJC_IMPLICIT_RETAIN_SELF = YES;
				CLANG_WARN_OBJC_LITERAL_CONVERSION = YES;
				CLANG_WARN_OBJC_ROOT_CLASS = YES_ERROR;
				CLANG_WARN_QUOTED_INCLUDE_IN_FRAMEWORK_HEADER = YES;
				CLANG_WARN_RANGE_LOOP_ANALYSIS = YES;
				CLANG_WARN_STRICT_PROTOTYPES = YES;
				CLANG_WARN_SUSPICIOUS_MOVE = YES;
				CLANG_WARN_UNGUARDED_AVAILABILITY = YES_AGGRESSIVE;
				CLANG_WARN_UNREACHABLE_CODE = YES;
				CLANG_WARN__DUPLICATE_METHOD_MATCH = YES;
				COPY_PHASE_STRIP = NO;
				DEBUG_INFORMATION_FORMAT = "dwarf-with-dsym";
				ENABLE_NS_ASSERTIONS = NO;
				ENABLE_STRICT_OBJC_MSGSEND = YES;
				GCC_C_LANGUAGE_STANDARD = gnu11;
				GCC_NO_COMMON_BLOCKS = YES;
				GCC_WARN_64_TO_32_BIT_CONVERSION = YES;
				GCC_WARN_ABOUT_RETURN_TYPE = YES_ERROR;
				GCC_WARN_UNDECLARED_SELECTOR = YES;
				GCC_WARN_UNINITIALIZED_AUTOS = YES_AGGRESSIVE;
				GCC_WARN_UNUSED_FUNCTION = YES;
				GCC_WARN_UNUSED_VARIABLE = YES;
				IPHONEOS_DEPLOYMENT_TARGET = 15.2;
				MTL_ENABLE_DEBUG_INFO = NO;
				MTL_FAST_MATH = YES;
				SDKROOT = iphoneos;
				SWIFT_COMPILATION_MODE = wholemodule;
				SWIFT_OPTIMIZATION_LEVEL = "-O";
				VALIDATE_PRODUCT = YES;
			};
			name = Release;
		};
		FFC3ECA927BFA9A7005654B3 /* Debug */ = {
			isa = XCBuildConfiguration;
			buildSettings = {
				ASSETCATALOG_COMPILER_APPICON_NAME = AppIcon;
				ASSETCATALOG_COMPILER_GLOBAL_ACCENT_COLOR_NAME = AccentColor;
				CODE_SIGN_STYLE = Automatic;
				CURRENT_PROJECT_VERSION = 1;
				GENERATE_INFOPLIST_FILE = YES;
				INFOPLIST_FILE = MovieApp/Info.plist;
				INFOPLIST_KEY_UIApplicationSupportsIndirectInputEvents = YES;
				INFOPLIST_KEY_UILaunchStoryboardName = LaunchScreen;
				INFOPLIST_KEY_UIMainStoryboardFile = Main;
				INFOPLIST_KEY_UISupportedInterfaceOrientations_iPad = "UIInterfaceOrientationPortrait UIInterfaceOrientationPortraitUpsideDown UIInterfaceOrientationLandscapeLeft UIInterfaceOrientationLandscapeRight";
				INFOPLIST_KEY_UISupportedInterfaceOrientations_iPhone = "UIInterfaceOrientationPortrait UIInterfaceOrientationLandscapeLeft UIInterfaceOrientationLandscapeRight";
				LD_RUNPATH_SEARCH_PATHS = (
					"$(inherited)",
					"@executable_path/Frameworks",
				);
				MARKETING_VERSION = 1.0;
				PRODUCT_BUNDLE_IDENTIFIER = MuhammadAwaab.MovieApp;
				PRODUCT_NAME = "$(TARGET_NAME)";
				SWIFT_EMIT_LOC_STRINGS = YES;
				SWIFT_VERSION = 5.0;
				TARGETED_DEVICE_FAMILY = "1,2";
			};
			name = Debug;
		};
		FFC3ECAA27BFA9A7005654B3 /* Release */ = {
			isa = XCBuildConfiguration;
			buildSettings = {
				ASSETCATALOG_COMPILER_APPICON_NAME = AppIcon;
				ASSETCATALOG_COMPILER_GLOBAL_ACCENT_COLOR_NAME = AccentColor;
				CODE_SIGN_STYLE = Automatic;
				CURRENT_PROJECT_VERSION = 1;
				GENERATE_INFOPLIST_FILE = YES;
				INFOPLIST_FILE = MovieApp/Info.plist;
				INFOPLIST_KEY_UIApplicationSupportsIndirectInputEvents = YES;
				INFOPLIST_KEY_UILaunchStoryboardName = LaunchScreen;
				INFOPLIST_KEY_UIMainStoryboardFile = Main;
				INFOPLIST_KEY_UISupportedInterfaceOrientations_iPad = "UIInterfaceOrientationPortrait UIInterfaceOrientationPortraitUpsideDown UIInterfaceOrientationLandscapeLeft UIInterfaceOrientationLandscapeRight";
				INFOPLIST_KEY_UISupportedInterfaceOrientations_iPhone = "UIInterfaceOrientationPortrait UIInterfaceOrientationLandscapeLeft UIInterfaceOrientationLandscapeRight";
				LD_RUNPATH_SEARCH_PATHS = (
					"$(inherited)",
					"@executable_path/Frameworks",
				);
				MARKETING_VERSION = 1.0;
				PRODUCT_BUNDLE_IDENTIFIER = MuhammadAwaab.MovieApp;
				PRODUCT_NAME = "$(TARGET_NAME)";
				SWIFT_EMIT_LOC_STRINGS = YES;
				SWIFT_VERSION = 5.0;
				TARGETED_DEVICE_FAMILY = "1,2";
			};
			name = Release;
		};
		FFC3ECAC27BFA9A7005654B3 /* Debug */ = {
			isa = XCBuildConfiguration;
			buildSettings = {
				ALWAYS_EMBED_SWIFT_STANDARD_LIBRARIES = YES;
				BUNDLE_LOADER = "$(TEST_HOST)";
				CODE_SIGN_STYLE = Automatic;
				CURRENT_PROJECT_VERSION = 1;
				GENERATE_INFOPLIST_FILE = YES;
				IPHONEOS_DEPLOYMENT_TARGET = 15.2;
				MARKETING_VERSION = 1.0;
				PRODUCT_BUNDLE_IDENTIFIER = MuhammadAwaab.MovieAppTests;
				PRODUCT_NAME = "$(TARGET_NAME)";
				SWIFT_EMIT_LOC_STRINGS = NO;
				SWIFT_VERSION = 5.0;
				TARGETED_DEVICE_FAMILY = "1,2";
				TEST_HOST = "$(BUILT_PRODUCTS_DIR)/MovieApp.app/MovieApp";
			};
			name = Debug;
		};
		FFC3ECAD27BFA9A7005654B3 /* Release */ = {
			isa = XCBuildConfiguration;
			buildSettings = {
				ALWAYS_EMBED_SWIFT_STANDARD_LIBRARIES = YES;
				BUNDLE_LOADER = "$(TEST_HOST)";
				CODE_SIGN_STYLE = Automatic;
				CURRENT_PROJECT_VERSION = 1;
				GENERATE_INFOPLIST_FILE = YES;
				IPHONEOS_DEPLOYMENT_TARGET = 15.2;
				MARKETING_VERSION = 1.0;
				PRODUCT_BUNDLE_IDENTIFIER = MuhammadAwaab.MovieAppTests;
				PRODUCT_NAME = "$(TARGET_NAME)";
				SWIFT_EMIT_LOC_STRINGS = NO;
				SWIFT_VERSION = 5.0;
				TARGETED_DEVICE_FAMILY = "1,2";
				TEST_HOST = "$(BUILT_PRODUCTS_DIR)/MovieApp.app/MovieApp";
			};
			name = Release;
		};
		FFC3ECAF27BFA9A7005654B3 /* Debug */ = {
			isa = XCBuildConfiguration;
			buildSettings = {
				ALWAYS_EMBED_SWIFT_STANDARD_LIBRARIES = YES;
				CODE_SIGN_STYLE = Automatic;
				CURRENT_PROJECT_VERSION = 1;
				GENERATE_INFOPLIST_FILE = YES;
				MARKETING_VERSION = 1.0;
				PRODUCT_BUNDLE_IDENTIFIER = MuhammadAwaab.MovieAppUITests;
				PRODUCT_NAME = "$(TARGET_NAME)";
				SWIFT_EMIT_LOC_STRINGS = NO;
				SWIFT_VERSION = 5.0;
				TARGETED_DEVICE_FAMILY = "1,2";
				TEST_TARGET_NAME = MovieApp;
			};
			name = Debug;
		};
		FFC3ECB027BFA9A7005654B3 /* Release */ = {
			isa = XCBuildConfiguration;
			buildSettings = {
				ALWAYS_EMBED_SWIFT_STANDARD_LIBRARIES = YES;
				CODE_SIGN_STYLE = Automatic;
				CURRENT_PROJECT_VERSION = 1;
				GENERATE_INFOPLIST_FILE = YES;
				MARKETING_VERSION = 1.0;
				PRODUCT_BUNDLE_IDENTIFIER = MuhammadAwaab.MovieAppUITests;
				PRODUCT_NAME = "$(TARGET_NAME)";
				SWIFT_EMIT_LOC_STRINGS = NO;
				SWIFT_VERSION = 5.0;
				TARGETED_DEVICE_FAMILY = "1,2";
				TEST_TARGET_NAME = MovieApp;
			};
			name = Release;
		};
/* End XCBuildConfiguration section */

/* Begin XCConfigurationList section */
		FFC3EC7927BFA998005654B3 /* Build configuration list for PBXProject "MovieApp" */ = {
			isa = XCConfigurationList;
			buildConfigurations = (
				FFC3ECA627BFA9A7005654B3 /* Debug */,
				FFC3ECA727BFA9A7005654B3 /* Release */,
			);
			defaultConfigurationIsVisible = 0;
			defaultConfigurationName = Release;
		};
		FFC3ECA827BFA9A7005654B3 /* Build configuration list for PBXNativeTarget "MovieApp" */ = {
			isa = XCConfigurationList;
			buildConfigurations = (
				FFC3ECA927BFA9A7005654B3 /* Debug */,
				FFC3ECAA27BFA9A7005654B3 /* Release */,
			);
			defaultConfigurationIsVisible = 0;
			defaultConfigurationName = Release;
		};
		FFC3ECAB27BFA9A7005654B3 /* Build configuration list for PBXNativeTarget "MovieAppTests" */ = {
			isa = XCConfigurationList;
			buildConfigurations = (
				FFC3ECAC27BFA9A7005654B3 /* Debug */,
				FFC3ECAD27BFA9A7005654B3 /* Release */,
			);
			defaultConfigurationIsVisible = 0;
			defaultConfigurationName = Release;
		};
		FFC3ECAE27BFA9A7005654B3 /* Build configuration list for PBXNativeTarget "MovieAppUITests" */ = {
			isa = XCConfigurationList;
			buildConfigurations = (
				FFC3ECAF27BFA9A7005654B3 /* Debug */,
				FFC3ECB027BFA9A7005654B3 /* Release */,
			);
			defaultConfigurationIsVisible = 0;
			defaultConfigurationName = Release;
		};
/* End XCConfigurationList section */
	};
	rootObject = FFC3EC7627BFA998005654B3 /* Project object */;
}
